
Microsoft Visual Studio Solution File, Format Version 12.00
# Visual Studio Version 17
Project("{2150E333-8FDC-42A3-9474-1A3956D46DE8}") = "CMakePredefinedTargets", "CMakePredefinedTargets", "{AA620227-A90F-3BA2-A738-83E2D598EF11}"
EndProject
Project("{2150E333-8FDC-42A3-9474-1A3956D46DE8}") = "Project", "Project", "{01E10D2B-BAA0-304F-A1DE-8D3DBE34B0D3}"
EndProject
Project("{8BC9CEB8-8B4A-11D0-8D11-00A0C91BC942}") = "GameLauncher", "GameLauncher.vcxproj", "{73680E2D-DBC1-308D-A389-116CEC2485EA}"
	ProjectSection(ProjectDependencies) = postProject
		{96F3DD45-A84E-3221-BD00-9F1E048437A8} = {96F3DD45-A84E-3221-BD00-9F1E048437A8}
	EndProjectSection
EndProject
Project("{8BC9CEB8-8B4A-11D0-8D11-00A0C91BC942}") = "ALL_BUILD", "ALL_BUILD.vcxproj", "{B7FD77AC-1B28-3396-A935-71949FB652B5}"
	ProjectSection(ProjectDependencies) = postProject
		{182EEEBC-19DC-3280-9C25-AFC6E2B59F91} = {182EEEBC-19DC-3280-9C25-AFC6E2B59F91}
		{73680E2D-DBC1-308D-A389-116CEC2485EA} = {73680E2D-DBC1-308D-A389-116CEC2485EA}
		{201DABCF-C3D8-322D-A77A-9FA5808A34A4} = {201DABCF-C3D8-322D-A77A-9FA5808A34A4}
		{4E6AFE44-49B5-311D-A024-ADD1A9446B5A} = {4E6AFE44-49B5-311D-A024-ADD1A9446B5A}
		{96F3DD45-A84E-3221-BD00-9F1E048437A8} = {96F3DD45-A84E-3221-BD00-9F1E048437A8}
	EndProjectSection
EndProject
Project("{8BC9CEB8-8B4A-11D0-8D11-00A0C91BC942}") = "Editor", "Editor.vcxproj", "{182EEEBC-19DC-3280-9C25-AFC6E2B59F91}"
	ProjectSection(ProjectDependencies) = postProject
		{96F3DD45-A84E-3221-BD00-9F1E048437A8} = {96F3DD45-A84E-3221-BD00-9F1E048437A8}
	EndProjectSection
EndProject
Project("{8BC9CEB8-8B4A-11D0-8D11-00A0C91BC942}") = "GameServer", "GameServer.vcxproj", "{201DABCF-C3D8-322D-A77A-9FA5808A34A4}"
	ProjectSection(ProjectDependencies) = postProject
		{96F3DD45-A84E-3221-BD00-9F1E048437A8} = {96F3DD45-A84E-3221-BD00-9F1E048437A8}
	EndProjectSection
EndProject
Project("{8BC9CEB8-8B4A-11D0-8D11-00A0C91BC942}") = "INSTALL", "INSTALL.vcxproj", "{0F7E37CB-2FC8-3A95-9A10-872582227428}"
	ProjectSection(ProjectDependencies) = postProject
		{B7FD77AC-1B28-3396-A935-71949FB652B5} = {B7FD77AC-1B28-3396-A935-71949FB652B5}
		{96F3DD45-A84E-3221-BD00-9F1E048437A8} = {96F3DD45-A84E-3221-BD00-9F1E048437A8}
	EndProjectSection
EndProject
Project("{8BC9CEB8-8B4A-11D0-8D11-00A0C91BC942}") = "Plugin", "Plugin.vcxproj", "{4E6AFE44-49B5-311D-A024-ADD1A9446B5A}"
	ProjectSection(ProjectDependencies) = postProject
		{96F3DD45-A84E-3221-BD00-9F1E048437A8} = {96F3DD45-A84E-3221-BD00-9F1E048437A8}
	EndProjectSection
EndProject
Project("{8BC9CEB8-8B4A-11D0-8D11-00A0C91BC942}") = "ZERO_CHECK", "ZERO_CHECK.vcxproj", "{96F3DD45-A84E-3221-BD00-9F1E048437A8}"
	ProjectSection(ProjectDependencies) = postProject
	EndProjectSection
EndProject
Global
	GlobalSection(SolutionConfigurationPlatforms) = preSolution
		Debug|x64 = Debug|x64
		Profile|x64 = Profile|x64
		Release|x64 = Release|x64
	EndGlobalSection
	GlobalSection(ProjectConfigurationPlatforms) = postSolution
		{73680E2D-DBC1-308D-A389-116CEC2485EA}.Debug|x64.ActiveCfg = Debug|x64
		{73680E2D-DBC1-308D-A389-116CEC2485EA}.Debug|x64.Build.0 = Debug|x64
		{73680E2D-DBC1-308D-A389-116CEC2485EA}.Profile|x64.ActiveCfg = Profile|x64
		{73680E2D-DBC1-308D-A389-116CEC2485EA}.Profile|x64.Build.0 = Profile|x64
		{73680E2D-DBC1-308D-A389-116CEC2485EA}.Release|x64.ActiveCfg = Release|x64
		{73680E2D-DBC1-308D-A389-116CEC2485EA}.Release|x64.Build.0 = Release|x64
		{B7FD77AC-1B28-3396-A935-71949FB652B5}.Debug|x64.ActiveCfg = Debug|x64
		{B7FD77AC-1B28-3396-A935-71949FB652B5}.Debug|x64.Build.0 = Debug|x64
		{B7FD77AC-1B28-3396-A935-71949FB652B5}.Profile|x64.ActiveCfg = Profile|x64
		{B7FD77AC-1B28-3396-A935-71949FB652B5}.Profile|x64.Build.0 = Profile|x64
		{B7FD77AC-1B28-3396-A935-71949FB652B5}.Release|x64.ActiveCfg = Release|x64
		{B7FD77AC-1B28-3396-A935-71949FB652B5}.Release|x64.Build.0 = Release|x64
		{182EEEBC-19DC-3280-9C25-AFC6E2B59F91}.Debug|x64.ActiveCfg = Debug|x64
		{182EEEBC-19DC-3280-9C25-AFC6E2B59F91}.Debug|x64.Build.0 = Debug|x64
		{182EEEBC-19DC-3280-9C25-AFC6E2B59F91}.Profile|x64.ActiveCfg = Profile|x64
		{182EEEBC-19DC-3280-9C25-AFC6E2B59F91}.Profile|x64.Build.0 = Profile|x64
		{182EEEBC-19DC-3280-9C25-AFC6E2B59F91}.Release|x64.ActiveCfg = Release|x64
		{182EEEBC-19DC-3280-9C25-AFC6E2B59F91}.Release|x64.Build.0 = Release|x64
		{201DABCF-C3D8-322D-A77A-9FA5808A34A4}.Debug|x64.ActiveCfg = Debug|x64
		{201DABCF-C3D8-322D-A77A-9FA5808A34A4}.Debug|x64.Build.0 = Debug|x64
		{201DABCF-C3D8-322D-A77A-9FA5808A34A4}.Profile|x64.ActiveCfg = Profile|x64
		{201DABCF-C3D8-322D-A77A-9FA5808A34A4}.Profile|x64.Build.0 = Profile|x64
		{201DABCF-C3D8-322D-A77A-9FA5808A34A4}.Release|x64.ActiveCfg = Release|x64
		{201DABCF-C3D8-322D-A77A-9FA5808A34A4}.Release|x64.Build.0 = Release|x64
		{0F7E37CB-2FC8-3A95-9A10-872582227428}.Debug|x64.ActiveCfg = Debug|x64
		{0F7E37CB-2FC8-3A95-9A10-872582227428}.Profile|x64.ActiveCfg = Profile|x64
		{0F7E37CB-2FC8-3A95-9A10-872582227428}.Release|x64.ActiveCfg = Release|x64
		{4E6AFE44-49B5-311D-A024-ADD1A9446B5A}.Debug|x64.ActiveCfg = Debug|x64
		{4E6AFE44-49B5-311D-A024-ADD1A9446B5A}.Debug|x64.Build.0 = Debug|x64
		{4E6AFE44-49B5-311D-A024-ADD1A9446B5A}.Profile|x64.ActiveCfg = Profile|x64
		{4E6AFE44-49B5-311D-A024-ADD1A9446B5A}.Profile|x64.Build.0 = Profile|x64
		{4E6AFE44-49B5-311D-A024-ADD1A9446B5A}.Release|x64.ActiveCfg = Release|x64
		{4E6AFE44-49B5-311D-A024-ADD1A9446B5A}.Release|x64.Build.0 = Release|x64
		{96F3DD45-A84E-3221-BD00-9F1E048437A8}.Debug|x64.ActiveCfg = Debug|x64
		{96F3DD45-A84E-3221-BD00-9F1E048437A8}.Debug|x64.Build.0 = Debug|x64
		{96F3DD45-A84E-3221-BD00-9F1E048437A8}.Profile|x64.ActiveCfg = Profile|x64
		{96F3DD45-A84E-3221-BD00-9F1E048437A8}.Profile|x64.Build.0 = Profile|x64
		{96F3DD45-A84E-3221-BD00-9F1E048437A8}.Release|x64.ActiveCfg = Release|x64
		{96F3DD45-A84E-3221-BD00-9F1E048437A8}.Release|x64.Build.0 = Release|x64
	EndGlobalSection
	GlobalSection(NestedProjects) = preSolution
		{B7FD77AC-1B28-3396-A935-71949FB652B5} = {AA620227-A90F-3BA2-A738-83E2D598EF11}
		{0F7E37CB-2FC8-3A95-9A10-872582227428} = {AA620227-A90F-3BA2-A738-83E2D598EF11}
		{96F3DD45-A84E-3221-BD00-9F1E048437A8} = {AA620227-A90F-3BA2-A738-83E2D598EF11}
		{4E6AFE44-49B5-311D-A024-ADD1A9446B5A} = {01E10D2B-BAA0-304F-A1DE-8D3DBE34B0D3}
	EndGlobalSection
	GlobalSection(ExtensibilityGlobals) = postSolution
		SolutionGuid = {0831D6B9-BFFA-34D4-A14C-6F9CE200EE4F}
	EndGlobalSection
	GlobalSection(ExtensibilityAddIns) = postSolution
	EndGlobalSection
EndGlobal
